
Microsoft Visual Studio Solution File, Format Version 12.00
# Visual Studio Version 17
VisualStudioVersion = 17.5.33627.172
MinimumVisualStudioVersion = 10.0.40219.1
Project("{9A19103F-16F7-4668-BE54-9A1E7A4F7556}") = "ConsolePuzzles", "ConsolePuzzles\ConsolePuzzles.csproj", "{C78C54E1-C4CC-4A31-AFA2-5E3C7567247E}"
EndProject
Project("{9A19103F-16F7-4668-BE54-9A1E7A4F7556}") = "PuzzleTests", "PuzzleLests\PuzzleTests.csproj", "{6C860752-BD86-4331-B575-A4EA84D9FBD9}"
EndProject
Project("{9A19103F-16F7-4668-BE54-9A1E7A4F7556}") = "gptTest", "gptTest\gptTest.csproj", "{7184E4F0-7E26-4838-8284-A172AF7431D9}"
EndProject
Project("{9A19103F-16F7-4668-BE54-9A1E7A4F7556}") = "MiddlewareTest", "MiddlewareTest\MiddlewareTest.csproj", "{A4FD95C0-63D9-4908-AE57-41AB82BE00D7}"
EndProject
Project("{9A19103F-16F7-4668-BE54-9A1E7A4F7556}") = "Contracts", "Contracts\Contracts.csproj", "{74AFA8A5-72A9-4EBE-A0B8-AEC28E55BB26}"
EndProject
Project("{9A19103F-16F7-4668-BE54-9A1E7A4F7556}") = "LoggerService", "LoggerService\LoggerService.csproj", "{F9293FBD-F19A-46EB-8139-E9BCDE49C7DB}"
EndProject
Project("{9A19103F-16F7-4668-BE54-9A1E7A4F7556}") = "Entities", "Entities\Entities.csproj", "{2F74A131-DCC8-46E9-B876-C870AC384266}"
EndProject
Project("{9A19103F-16F7-4668-BE54-9A1E7A4F7556}") = "Repository", "Repository\Repository.csproj", "{A3F4D686-85B1-4A42-94A2-995232E78FFE}"
EndProject
Project("{9A19103F-16F7-4668-BE54-9A1E7A4F7556}") = "Service.Contracts", "Service.Contracts\Service.Contracts.csproj", "{9D065DD1-3B83-4D89-955A-9FBC6A0B220E}"
EndProject
Project("{9A19103F-16F7-4668-BE54-9A1E7A4F7556}") = "Service", "Service\Service.csproj", "{03497112-FDB0-4BC0-9910-050AC9652FAC}"
EndProject
Project("{FAE04EC0-301F-11D3-BF4B-00C04F79EFBC}") = "CompanyEmployees.Presentation", "CompanyEmployees.Presentation\CompanyEmployees.Presentation.csproj", "{4349BB8E-3623-4685-8A17-7EEA1FE5BDB9}"
EndProject
Global
	GlobalSection(SolutionConfigurationPlatforms) = preSolution
		Debug|Any CPU = Debug|Any CPU
		Release|Any CPU = Release|Any CPU
	EndGlobalSection
	GlobalSection(ProjectConfigurationPlatforms) = postSolution
		{C78C54E1-C4CC-4A31-AFA2-5E3C7567247E}.Debug|Any CPU.ActiveCfg = Debug|Any CPU
		{C78C54E1-C4CC-4A31-AFA2-5E3C7567247E}.Debug|Any CPU.Build.0 = Debug|Any CPU
		{C78C54E1-C4CC-4A31-AFA2-5E3C7567247E}.Release|Any CPU.ActiveCfg = Release|Any CPU
		{C78C54E1-C4CC-4A31-AFA2-5E3C7567247E}.Release|Any CPU.Build.0 = Release|Any CPU
		{6C860752-BD86-4331-B575-A4EA84D9FBD9}.Debug|Any CPU.ActiveCfg = Debug|Any CPU
		{6C860752-BD86-4331-B575-A4EA84D9FBD9}.Debug|Any CPU.Build.0 = Debug|Any CPU
		{6C860752-BD86-4331-B575-A4EA84D9FBD9}.Release|Any CPU.ActiveCfg = Release|Any CPU
		{6C860752-BD86-4331-B575-A4EA84D9FBD9}.Release|Any CPU.Build.0 = Release|Any CPU
		{7184E4F0-7E26-4838-8284-A172AF7431D9}.Debug|Any CPU.ActiveCfg = Debug|Any CPU
		{7184E4F0-7E26-4838-8284-A172AF7431D9}.Debug|Any CPU.Build.0 = Debug|Any CPU
		{7184E4F0-7E26-4838-8284-A172AF7431D9}.Release|Any CPU.ActiveCfg = Release|Any CPU
		{7184E4F0-7E26-4838-8284-A172AF7431D9}.Release|Any CPU.Build.0 = Release|Any CPU
		{A4FD95C0-63D9-4908-AE57-41AB82BE00D7}.Debug|Any CPU.ActiveCfg = Debug|Any CPU
		{A4FD95C0-63D9-4908-AE57-41AB82BE00D7}.Debug|Any CPU.Build.0 = Debug|Any CPU
		{A4FD95C0-63D9-4908-AE57-41AB82BE00D7}.Release|Any CPU.ActiveCfg = Release|Any CPU
		{A4FD95C0-63D9-4908-AE57-41AB82BE00D7}.Release|Any CPU.Build.0 = Release|Any CPU
		{74AFA8A5-72A9-4EBE-A0B8-AEC28E55BB26}.Debug|Any CPU.ActiveCfg = Debug|Any CPU
		{74AFA8A5-72A9-4EBE-A0B8-AEC28E55BB26}.Debug|Any CPU.Build.0 = Debug|Any CPU
		{74AFA8A5-72A9-4EBE-A0B8-AEC28E55BB26}.Release|Any CPU.ActiveCfg = Release|Any CPU
		{74AFA8A5-72A9-4EBE-A0B8-AEC28E55BB26}.Release|Any CPU.Build.0 = Release|Any CPU
		{F9293FBD-F19A-46EB-8139-E9BCDE49C7DB}.Debug|Any CPU.ActiveCfg = Debug|Any CPU
		{F9293FBD-F19A-46EB-8139-E9BCDE49C7DB}.Debug|Any CPU.Build.0 = Debug|Any CPU
		{F9293FBD-F19A-46EB-8139-E9BCDE49C7DB}.Release|Any CPU.ActiveCfg = Release|Any CPU
		{F9293FBD-F19A-46EB-8139-E9BCDE49C7DB}.Release|Any CPU.Build.0 = Release|Any CPU
		{2F74A131-DCC8-46E9-B876-C870AC384266}.Debug|Any CPU.ActiveCfg = Debug|Any CPU
		{2F74A131-DCC8-46E9-B876-C870AC384266}.Debug|Any CPU.Build.0 = Debug|Any CPU
		{2F74A131-DCC8-46E9-B876-C870AC384266}.Release|Any CPU.ActiveCfg = Release|Any CPU
		{2F74A131-DCC8-46E9-B876-C870AC384266}.Release|Any CPU.Build.0 = Release|Any CPU
		{A3F4D686-85B1-4A42-94A2-995232E78FFE}.Debug|Any CPU.ActiveCfg = Debug|Any CPU
		{A3F4D686-85B1-4A42-94A2-995232E78FFE}.Debug|Any CPU.Build.0 = Debug|Any CPU
		{A3F4D686-85B1-4A42-94A2-995232E78FFE}.Release|Any CPU.ActiveCfg = Release|Any CPU
		{A3F4D686-85B1-4A42-94A2-995232E78FFE}.Release|Any CPU.Build.0 = Release|Any CPU
		{9D065DD1-3B83-4D89-955A-9FBC6A0B220E}.Debug|Any CPU.ActiveCfg = Debug|Any CPU
		{9D065DD1-3B83-4D89-955A-9FBC6A0B220E}.Debug|Any CPU.Build.0 = Debug|Any CPU
		{9D065DD1-3B83-4D89-955A-9FBC6A0B220E}.Release|Any CPU.ActiveCfg = Release|Any CPU
		{9D065DD1-3B83-4D89-955A-9FBC6A0B220E}.Release|Any CPU.Build.0 = Release|Any CPU
		{03497112-FDB0-4BC0-9910-050AC9652FAC}.Debug|Any CPU.ActiveCfg = Debug|Any CPU
		{03497112-FDB0-4BC0-9910-050AC9652FAC}.Debug|Any CPU.Build.0 = Debug|Any CPU
		{03497112-FDB0-4BC0-9910-050AC9652FAC}.Release|Any CPU.ActiveCfg = Release|Any CPU
		{03497112-FDB0-4BC0-9910-050AC9652FAC}.Release|Any CPU.Build.0 = Release|Any CPU
		{4349BB8E-3623-4685-8A17-7EEA1FE5BDB9}.Debug|Any CPU.ActiveCfg = Debug|Any CPU
		{4349BB8E-3623-4685-8A17-7EEA1FE5BDB9}.Debug|Any CPU.Build.0 = Debug|Any CPU
		{4349BB8E-3623-4685-8A17-7EEA1FE5BDB9}.Release|Any CPU.ActiveCfg = Release|Any CPU
		{4349BB8E-3623-4685-8A17-7EEA1FE5BDB9}.Release|Any CPU.Build.0 = Release|Any CPU
	EndGlobalSection
	GlobalSection(SolutionProperties) = preSolution
		HideSolutionNode = FALSE
	EndGlobalSection
	GlobalSection(ExtensibilityGlobals) = postSolution
		SolutionGuid = {C526DF33-2DAF-4909-9865-953E5AC31277}
	EndGlobalSection
EndGlobal
