
Microsoft Visual Studio Solution File, Format Version 12.00
# Visual Studio Version 17
VisualStudioVersion = 17.5.33627.172
MinimumVisualStudioVersion = 10.0.40219.1
Project("{9A19103F-16F7-4668-BE54-9A1E7A4F7556}") = "ConsolePuzzles", "ConsolePuzzles\ConsolePuzzles.csproj", "{C78C54E1-C4CC-4A31-AFA2-5E3C7567247E}"
EndProject
Project("{9A19103F-16F7-4668-BE54-9A1E7A4F7556}") = "PuzzleTests", "PuzzleLests\PuzzleTests.csproj", "{6C860752-BD86-4331-B575-A4EA84D9FBD9}"
EndProject
Project("{FAE04EC0-301F-11D3-BF4B-00C04F79EFBC}") = "gptTest", "gptTest\gptTest.csproj", "{7184E4F0-7E26-4838-8284-A172AF7431D9}"
EndProject
Global
	GlobalSection(SolutionConfigurationPlatforms) = preSolution
		Debug|Any CPU = Debug|Any CPU
		Release|Any CPU = Release|Any CPU
	EndGlobalSection
	GlobalSection(ProjectConfigurationPlatforms) = postSolution
		{C78C54E1-C4CC-4A31-AFA2-5E3C7567247E}.Debug|Any CPU.ActiveCfg = Debug|Any CPU
		{C78C54E1-C4CC-4A31-AFA2-5E3C7567247E}.Debug|Any CPU.Build.0 = Debug|Any CPU
		{C78C54E1-C4CC-4A31-AFA2-5E3C7567247E}.Release|Any CPU.ActiveCfg = Release|Any CPU
		{C78C54E1-C4CC-4A31-AFA2-5E3C7567247E}.Release|Any CPU.Build.0 = Release|Any CPU
		{6C860752-BD86-4331-B575-A4EA84D9FBD9}.Debug|Any CPU.ActiveCfg = Debug|Any CPU
		{6C860752-BD86-4331-B575-A4EA84D9FBD9}.Debug|Any CPU.Build.0 = Debug|Any CPU
		{6C860752-BD86-4331-B575-A4EA84D9FBD9}.Release|Any CPU.ActiveCfg = Release|Any CPU
		{6C860752-BD86-4331-B575-A4EA84D9FBD9}.Release|Any CPU.Build.0 = Release|Any CPU
		{7184E4F0-7E26-4838-8284-A172AF7431D9}.Debug|Any CPU.ActiveCfg = Debug|Any CPU
		{7184E4F0-7E26-4838-8284-A172AF7431D9}.Debug|Any CPU.Build.0 = Debug|Any CPU
		{7184E4F0-7E26-4838-8284-A172AF7431D9}.Release|Any CPU.ActiveCfg = Release|Any CPU
		{7184E4F0-7E26-4838-8284-A172AF7431D9}.Release|Any CPU.Build.0 = Release|Any CPU
	EndGlobalSection
	GlobalSection(SolutionProperties) = preSolution
		HideSolutionNode = FALSE
	EndGlobalSection
	GlobalSection(ExtensibilityGlobals) = postSolution
		SolutionGuid = {C526DF33-2DAF-4909-9865-953E5AC31277}
	EndGlobalSection
EndGlobal
